
Microsoft Visual Studio Solution File, Format Version 12.00
# Visual Studio 15
VisualStudioVersion = 15.0.28010.2026
MinimumVisualStudioVersion = 10.0.40219.1
Project("{FAE04EC0-301F-11D3-BF4B-00C04F79EFBC}") = "MCVAPP", "MCVAPP\MCVAPP.csproj", "{4D332FEC-69CF-4AF2-8691-42EA931877AC}"
EndProject
Global
	GlobalSection(SolutionConfigurationPlatforms) = preSolution
		Debug|Any CPU = Debug|Any CPU
		Release|Any CPU = Release|Any CPU
	EndGlobalSection
	GlobalSection(ProjectConfigurationPlatforms) = postSolution
		{4D332FEC-69CF-4AF2-8691-42EA931877AC}.Debug|Any CPU.ActiveCfg = Debug|Any CPU
		{4D332FEC-69CF-4AF2-8691-42EA931877AC}.Debug|Any CPU.Build.0 = Debug|Any CPU
		{4D332FEC-69CF-4AF2-8691-42EA931877AC}.Release|Any CPU.ActiveCfg = Release|Any CPU
		{4D332FEC-69CF-4AF2-8691-42EA931877AC}.Release|Any CPU.Build.0 = Release|Any CPU
	EndGlobalSection
	GlobalSection(SolutionProperties) = preSolution
		HideSolutionNode = FALSE
	EndGlobalSection
	GlobalSection(ExtensibilityGlobals) = postSolution
		SolutionGuid = {F4DD8764-3BFE-4354-9C0C-BACDD4822F96}
	EndGlobalSection
EndGlobal
